
Microsoft Visual Studio Solution File, Format Version 12.00
# Visual Studio 14
VisualStudioVersion = 14.0.24720.0
MinimumVisualStudioVersion = 10.0.40219.1
Project("{FAE04EC0-301F-11D3-BF4B-00C04F79EFBC}") = "CellularAutomaton", "CellularAutomaton\CellularAutomaton.csproj", "{A2B3597C-D98F-4233-A0D6-799F26502BA2}"
EndProject
Project("{F088123C-0E9E-452A-89E6-6BA2F21D5CAC}") = "Architecture", "Architecture\Architecture.modelproj", "{07EFF1D1-49B0-4493-8D22-A586AFA5837F}"
EndProject
Global
	GlobalSection(SolutionConfigurationPlatforms) = preSolution
		Debug|Any CPU = Debug|Any CPU
		Release|Any CPU = Release|Any CPU
	EndGlobalSection
	GlobalSection(ProjectConfigurationPlatforms) = postSolution
		{A2B3597C-D98F-4233-A0D6-799F26502BA2}.Debug|Any CPU.ActiveCfg = Debug|Any CPU
		{A2B3597C-D98F-4233-A0D6-799F26502BA2}.Debug|Any CPU.Build.0 = Debug|Any CPU
		{A2B3597C-D98F-4233-A0D6-799F26502BA2}.Release|Any CPU.ActiveCfg = Release|Any CPU
		{A2B3597C-D98F-4233-A0D6-799F26502BA2}.Release|Any CPU.Build.0 = Release|Any CPU
		{07EFF1D1-49B0-4493-8D22-A586AFA5837F}.Debug|Any CPU.ActiveCfg = Debug|Any CPU
		{07EFF1D1-49B0-4493-8D22-A586AFA5837F}.Debug|Any CPU.Build.0 = Debug|Any CPU
		{07EFF1D1-49B0-4493-8D22-A586AFA5837F}.Release|Any CPU.ActiveCfg = Release|Any CPU
		{07EFF1D1-49B0-4493-8D22-A586AFA5837F}.Release|Any CPU.Build.0 = Release|Any CPU
	EndGlobalSection
	GlobalSection(SolutionProperties) = preSolution
		HideSolutionNode = FALSE
	EndGlobalSection
EndGlobal
